
Microsoft Visual Studio Solution File, Format Version 12.00
# Visual Studio Version 17
VisualStudioVersion = 17.1.32407.343
MinimumVisualStudioVersion = 10.0.40219.1
Project("{FAE04EC0-301F-11D3-BF4B-00C04F79EFBC}") = "MultiplayerMarker", "MultiplayerMarker\MultiplayerMarker.csproj", "{61764FBB-0F96-4C4A-B86C-2EE300B9F4BA}"
EndProject
Global
	GlobalSection(SolutionConfigurationPlatforms) = preSolution
		Debug|Any CPU = Debug|Any CPU
		Release|Any CPU = Release|Any CPU
	EndGlobalSection
	GlobalSection(ProjectConfigurationPlatforms) = postSolution
		{61764FBB-0F96-4C4A-B86C-2EE300B9F4BA}.Debug|Any CPU.ActiveCfg = Debug|Any CPU
		{61764FBB-0F96-4C4A-B86C-2EE300B9F4BA}.Debug|Any CPU.Build.0 = Debug|Any CPU
		{61764FBB-0F96-4C4A-B86C-2EE300B9F4BA}.Release|Any CPU.ActiveCfg = Release|Any CPU
		{61764FBB-0F96-4C4A-B86C-2EE300B9F4BA}.Release|Any CPU.Build.0 = Release|Any CPU
	EndGlobalSection
	GlobalSection(SolutionProperties) = preSolution
		HideSolutionNode = FALSE
	EndGlobalSection
	GlobalSection(ExtensibilityGlobals) = postSolution
		SolutionGuid = {22AB42CE-7D5F-4666-A7D8-C5A25725A773}
	EndGlobalSection
EndGlobal
